
Microsoft Visual Studio Solution File, Format Version 12.00
# Visual Studio Version 17
VisualStudioVersion = 17.0.32112.339
MinimumVisualStudioVersion = 10.0.40219.1
Project("{FAE04EC0-301F-11D3-BF4B-00C04F79EFBC}") = "JustWordle.Game", "JustWordle.Game\JustWordle.Game.csproj", "{520542A9-B408-4FC2-8BBE-B524B900A673}"
EndProject
Project("{FAE04EC0-301F-11D3-BF4B-00C04F79EFBC}") = "JustWordle.Core", "JustWordle.Core\JustWordle.Core.csproj", "{5402AA3E-532E-4590-85CD-5827A9E0BC7C}"
	ProjectSection(ProjectDependencies) = postProject
		{520542A9-B408-4FC2-8BBE-B524B900A673} = {520542A9-B408-4FC2-8BBE-B524B900A673}
	EndProjectSection
EndProject
Global
	GlobalSection(SolutionConfigurationPlatforms) = preSolution
		Debug|Any CPU = Debug|Any CPU
		Release|Any CPU = Release|Any CPU
	EndGlobalSection
	GlobalSection(ProjectConfigurationPlatforms) = postSolution
		{520542A9-B408-4FC2-8BBE-B524B900A673}.Debug|Any CPU.ActiveCfg = Debug|Any CPU
		{520542A9-B408-4FC2-8BBE-B524B900A673}.Debug|Any CPU.Build.0 = Debug|Any CPU
		{520542A9-B408-4FC2-8BBE-B524B900A673}.Release|Any CPU.ActiveCfg = Release|Any CPU
		{520542A9-B408-4FC2-8BBE-B524B900A673}.Release|Any CPU.Build.0 = Release|Any CPU
		{5402AA3E-532E-4590-85CD-5827A9E0BC7C}.Debug|Any CPU.ActiveCfg = Debug|Any CPU
		{5402AA3E-532E-4590-85CD-5827A9E0BC7C}.Debug|Any CPU.Build.0 = Debug|Any CPU
		{5402AA3E-532E-4590-85CD-5827A9E0BC7C}.Release|Any CPU.ActiveCfg = Release|Any CPU
		{5402AA3E-532E-4590-85CD-5827A9E0BC7C}.Release|Any CPU.Build.0 = Release|Any CPU
	EndGlobalSection
	GlobalSection(SolutionProperties) = preSolution
		HideSolutionNode = FALSE
	EndGlobalSection
	GlobalSection(ExtensibilityGlobals) = postSolution
		SolutionGuid = {B6282A79-34AB-46E4-9DEF-C0ED8C475141}
	EndGlobalSection
EndGlobal
